
Microsoft Visual Studio Solution File, Format Version 12.00
# Visual Studio Version 17
VisualStudioVersion = 17.9.34310.174
MinimumVisualStudioVersion = 10.0.40219.1
Project("{FAE04EC0-301F-11D3-BF4B-00C04F79EFBC}") = "ValidationPrototype", "ValidationPrototype\ValidationPrototype.csproj", "{B8C230AA-6658-4ED7-A93E-EA751F882F36}"
EndProject
Global
	GlobalSection(SolutionConfigurationPlatforms) = preSolution
		Debug|Any CPU = Debug|Any CPU
		Release|Any CPU = Release|Any CPU
	EndGlobalSection
	GlobalSection(ProjectConfigurationPlatforms) = postSolution
		{B8C230AA-6658-4ED7-A93E-EA751F882F36}.Debug|Any CPU.ActiveCfg = Debug|Any CPU
		{B8C230AA-6658-4ED7-A93E-EA751F882F36}.Debug|Any CPU.Build.0 = Debug|Any CPU
		{B8C230AA-6658-4ED7-A93E-EA751F882F36}.Release|Any CPU.ActiveCfg = Release|Any CPU
		{B8C230AA-6658-4ED7-A93E-EA751F882F36}.Release|Any CPU.Build.0 = Release|Any CPU
	EndGlobalSection
	GlobalSection(SolutionProperties) = preSolution
		HideSolutionNode = FALSE
	EndGlobalSection
	GlobalSection(ExtensibilityGlobals) = postSolution
		SolutionGuid = {2F7AC34F-09EC-45F7-8242-0A293BEC7D99}
	EndGlobalSection
EndGlobal
